
Microsoft Visual Studio Solution File, Format Version 12.00
# Visual Studio 15
VisualStudioVersion = 15.0.28010.2050
MinimumVisualStudioVersion = 10.0.40219.1
Project("{FAE04EC0-301F-11D3-BF4B-00C04F79EFBC}") = "EAS", "EAS\EAS.csproj", "{0BD1A742-D37B-4C94-8C2B-EA4C6067CA8E}"
EndProject
Global
	GlobalSection(SolutionConfigurationPlatforms) = preSolution
		Debug|Any CPU = Debug|Any CPU
		Release|Any CPU = Release|Any CPU
	EndGlobalSection
	GlobalSection(ProjectConfigurationPlatforms) = postSolution
		{0BD1A742-D37B-4C94-8C2B-EA4C6067CA8E}.Debug|Any CPU.ActiveCfg = Debug|Any CPU
		{0BD1A742-D37B-4C94-8C2B-EA4C6067CA8E}.Debug|Any CPU.Build.0 = Debug|Any CPU
		{0BD1A742-D37B-4C94-8C2B-EA4C6067CA8E}.Release|Any CPU.ActiveCfg = Release|Any CPU
		{0BD1A742-D37B-4C94-8C2B-EA4C6067CA8E}.Release|Any CPU.Build.0 = Release|Any CPU
	EndGlobalSection
	GlobalSection(SolutionProperties) = preSolution
		HideSolutionNode = FALSE
	EndGlobalSection
	GlobalSection(ExtensibilityGlobals) = postSolution
		SolutionGuid = {760DF0EA-F5D5-451A-933C-7AD52B39EF49}
	EndGlobalSection
EndGlobal
